
Microsoft Visual Studio Solution File, Format Version 12.00
# Visual Studio 15
VisualStudioVersion = 15.0.27130.2010
MinimumVisualStudioVersion = 10.0.40219.1
Project("{FAE04EC0-301F-11D3-BF4B-00C04F79EFBC}") = "ExampleWebApiCore", "ExampleWebApiCore\ExampleWebApiCore.csproj", "{2E8685E8-3F38-402C-BBB5-AE1469D69A93}"
EndProject
Global
	GlobalSection(SolutionConfigurationPlatforms) = preSolution
		Debug|Any CPU = Debug|Any CPU
		Release|Any CPU = Release|Any CPU
	EndGlobalSection
	GlobalSection(ProjectConfigurationPlatforms) = postSolution
		{2E8685E8-3F38-402C-BBB5-AE1469D69A93}.Debug|Any CPU.ActiveCfg = Debug|Any CPU
		{2E8685E8-3F38-402C-BBB5-AE1469D69A93}.Debug|Any CPU.Build.0 = Debug|Any CPU
		{2E8685E8-3F38-402C-BBB5-AE1469D69A93}.Release|Any CPU.ActiveCfg = Release|Any CPU
		{2E8685E8-3F38-402C-BBB5-AE1469D69A93}.Release|Any CPU.Build.0 = Release|Any CPU
	EndGlobalSection
	GlobalSection(SolutionProperties) = preSolution
		HideSolutionNode = FALSE
	EndGlobalSection
	GlobalSection(ExtensibilityGlobals) = postSolution
		SolutionGuid = {71EA8F63-DFE0-45BE-8E44-E71AAF350C1E}
	EndGlobalSection
EndGlobal
